{
  "name": "testing-and-debugging-ensuring-mern-app-reliability-razkim254",
  "version": "1.0.0",
  "lockfileVersion": 3,
  "requires": true,
  "packages": {
    "": {
      "name": "testing-and-debugging-ensuring-mern-app-reliability-razkim254",
      "version": "1.0.0",
      "license": "ISC"
    }
  }
}
